PODS:
  - Agrume (3.0.3)

DEPENDENCIES:
  - Agrume (from `https://github.com/JanGorman/Agrume.git`)

EXTERNAL SOURCES:
  Agrume:
    :git: https://github.com/JanGorman/Agrume.git

CHECKOUT OPTIONS:
  Agrume:
    :commit: 62f11a3f42f85b073b8c055c7246a464628e60aa
    :git: https://github.com/JanGorman/Agrume.git

SPEC CHECKSUMS:
  Agrume: b96babc1dc0a12cc799268e15cdc4571b0e6e1d3

PODFILE CHECKSUM: 3c2ba4433e84bdc6321a962757cea8bf9c7e9bd0

COCOAPODS: 1.2.0.beta.1
